
Microsoft Visual Studio Solution File, Format Version 12.00
# Visual Studio Version 17
VisualStudioVersion = 17.9.34728.123
MinimumVisualStudioVersion = 10.0.40219.1
Project("{E24C65DC-7377-472B-9ABA-BC803B73C61A}") = "problema8", ".", "{D53C776A-8EAD-4085-881C-F8EBC15C92E4}"
	ProjectSection(WebsiteProperties) = preProject
		TargetFrameworkMoniker = ".NETFramework,Version%3Dv4.7.2"
		Debug.AspNetCompiler.VirtualPath = "/localhost_63595"
		Debug.AspNetCompiler.PhysicalPath = "..\problema8\"
		Debug.AspNetCompiler.TargetPath = "PrecompiledWeb\localhost_63595\"
		Debug.AspNetCompiler.Updateable = "true"
		Debug.AspNetCompiler.ForceOverwrite = "true"
		Debug.AspNetCompiler.FixedNames = "false"
		Debug.AspNetCompiler.Debug = "True"
		Release.AspNetCompiler.VirtualPath = "/localhost_63595"
		Release.AspNetCompiler.PhysicalPath = "..\problema8\"
		Release.AspNetCompiler.TargetPath = "PrecompiledWeb\localhost_63595\"
		Release.AspNetCompiler.Updateable = "true"
		Release.AspNetCompiler.ForceOverwrite = "true"
		Release.AspNetCompiler.FixedNames = "false"
		Release.AspNetCompiler.Debug = "False"
		VWDPort = "63595"
		SlnRelativePath = "..\problema8\"
		DefaultWebSiteLanguage = "Visual C#"
	EndProjectSection
EndProject
Global
	GlobalSection(SolutionConfigurationPlatforms) = preSolution
		Debug|Any CPU = Debug|Any CPU
	EndGlobalSection
	GlobalSection(ProjectConfigurationPlatforms) = postSolution
		{D53C776A-8EAD-4085-881C-F8EBC15C92E4}.Debug|Any CPU.ActiveCfg = Debug|Any CPU
		{D53C776A-8EAD-4085-881C-F8EBC15C92E4}.Debug|Any CPU.Build.0 = Debug|Any CPU
	EndGlobalSection
	GlobalSection(SolutionProperties) = preSolution
		HideSolutionNode = FALSE
	EndGlobalSection
	GlobalSection(ExtensibilityGlobals) = postSolution
		SolutionGuid = {CC387F72-9D54-4F36-9A11-80FA9E04B9AE}
	EndGlobalSection
EndGlobal
